
Microsoft Visual Studio Solution File, Format Version 12.00
# Visual Studio Version 16
VisualStudioVersion = 25.0.1703.8
MinimumVisualStudioVersion = 10.0.40219.1
Project("{FAE04EC0-301F-11D3-BF4B-00C04F79EFBC}") = "web1001-MVC", "web1001-MVC\web1001-MVC.csproj", "{8772970F-60F8-4D04-BB84-947A508AB5CB}"
EndProject
Global
	GlobalSection(SolutionConfigurationPlatforms) = preSolution
		Debug|Any CPU = Debug|Any CPU
		Release|Any CPU = Release|Any CPU
	EndGlobalSection
	GlobalSection(ProjectConfigurationPlatforms) = postSolution
		{8772970F-60F8-4D04-BB84-947A508AB5CB}.Debug|Any CPU.ActiveCfg = Debug|Any CPU
		{8772970F-60F8-4D04-BB84-947A508AB5CB}.Debug|Any CPU.Build.0 = Debug|Any CPU
		{8772970F-60F8-4D04-BB84-947A508AB5CB}.Release|Any CPU.ActiveCfg = Release|Any CPU
		{8772970F-60F8-4D04-BB84-947A508AB5CB}.Release|Any CPU.Build.0 = Release|Any CPU
	EndGlobalSection
	GlobalSection(SolutionProperties) = preSolution
		HideSolutionNode = FALSE
	EndGlobalSection
	GlobalSection(ExtensibilityGlobals) = postSolution
		SolutionGuid = {C87ACC78-FAC4-4C14-A3DF-19570B3F5134}
	EndGlobalSection
EndGlobal
